// !$*UTF8*$!
{
	archiveVersion = 1;
	classes = {
	};
	objectVersion = 50;
	objects = {

/* Begin PBXBuildFile section */
		2E89EC1C3ACAC7EF499DEE82 /* Pods_AgendaTelefonica.framework in Frameworks */ = {isa = PBXBuildFile; fileRef = 8471273067B67CBED1781775 /* Pods_AgendaTelefonica.framework */; };
		83034B4620FF66CC004D305F /* Localizable.strings in Resources */ = {isa = PBXBuildFile; fileRef = 83034B4520FF66CC004D305F /* Localizable.strings */; };
		83034B4820FF673C004D305F /* Colors.json in Resources */ = {isa = PBXBuildFile; fileRef = 83034B4720FF673C004D305F /* Colors.json */; };
		83034B4E20FF6BAC004D305F /* Colors.swift in Sources */ = {isa = PBXBuildFile; fileRef = 83034B4A20FF6BAC004D305F /* Colors.swift */; };
		83034B4F20FF6BAC004D305F /* Storyboard.swift in Sources */ = {isa = PBXBuildFile; fileRef = 83034B4B20FF6BAC004D305F /* Storyboard.swift */; };
		83034B5020FF6BAC004D305F /* Assets.swift in Sources */ = {isa = PBXBuildFile; fileRef = 83034B4C20FF6BAC004D305F /* Assets.swift */; };
		83034B5120FF6BAC004D305F /* Localizable.swift in Sources */ = {isa = PBXBuildFile; fileRef = 83034B4D20FF6BAC004D305F /* Localizable.swift */; };
		83034B5320FF742F004D305F /* LoginRequestFactory.swift in Sources */ = {isa = PBXBuildFile; fileRef = 83034B5220FF742F004D305F /* LoginRequestFactory.swift */; };
		83034B5520FF7457004D305F /* LoginService.swift in Sources */ = {isa = PBXBuildFile; fileRef = 83034B5420FF7457004D305F /* LoginService.swift */; };
		83277AA62100C2E50025F79F /* SessionControl.swift in Sources */ = {isa = PBXBuildFile; fileRef = 83277AA52100C2E50025F79F /* SessionControl.swift */; };
		83277AA92100C48E0025F79F /* Contatos.storyboard in Resources */ = {isa = PBXBuildFile; fileRef = 83277AA82100C48E0025F79F /* Contatos.storyboard */; };
		83277AAF2100C4EF0025F79F /* ContatosViewController.swift in Sources */ = {isa = PBXBuildFile; fileRef = 83277AAE2100C4EF0025F79F /* ContatosViewController.swift */; };
		83277AB12100C5EF0025F79F /* Contato.swift in Sources */ = {isa = PBXBuildFile; fileRef = 83277AB02100C5EF0025F79F /* Contato.swift */; };
		83277AB32100CA6C0025F79F /* ContatoRequestFactory.swift in Sources */ = {isa = PBXBuildFile; fileRef = 83277AB22100CA6C0025F79F /* ContatoRequestFactory.swift */; };
		83277AB62100CA850025F79F /* ContatoService.swift in Sources */ = {isa = PBXBuildFile; fileRef = 83277AB52100CA850025F79F /* ContatoService.swift */; };
		83277AB82100D6920025F79F /* ContatosViewModel.swift in Sources */ = {isa = PBXBuildFile; fileRef = 83277AB72100D6920025F79F /* ContatosViewModel.swift */; };
		834A357E21021EE000F83CDE /* ContatoTableViewCell.swift in Sources */ = {isa = PBXBuildFile; fileRef = 834A357C21021EE000F83CDE /* ContatoTableViewCell.swift */; };
		834A357F21021EE000F83CDE /* ContatoTableViewCell.xib in Resources */ = {isa = PBXBuildFile; fileRef = 834A357D21021EE000F83CDE /* ContatoTableViewCell.xib */; };
		834A35812102352500F83CDE /* AdicionarContatoViewController.swift in Sources */ = {isa = PBXBuildFile; fileRef = 834A35802102352500F83CDE /* AdicionarContatoViewController.swift */; };
		83DB6A1E20FF782F00D76CE3 /* User.swift in Sources */ = {isa = PBXBuildFile; fileRef = 83DB6A1D20FF782F00D76CE3 /* User.swift */; };
		83F2917D20FE3A7400ACCCF9 /* AppDelegate.swift in Sources */ = {isa = PBXBuildFile; fileRef = 83F2917C20FE3A7400ACCCF9 /* AppDelegate.swift */; };
		83F2917F20FE3A7400ACCCF9 /* ViewController.swift in Sources */ = {isa = PBXBuildFile; fileRef = 83F2917E20FE3A7400ACCCF9 /* ViewController.swift */; };
		83F2918420FE3A7B00ACCCF9 /* Assets.xcassets in Resources */ = {isa = PBXBuildFile; fileRef = 83F2918320FE3A7B00ACCCF9 /* Assets.xcassets */; };
		83F2918720FE3A7B00ACCCF9 /* LaunchScreen.storyboard in Resources */ = {isa = PBXBuildFile; fileRef = 83F2918520FE3A7B00ACCCF9 /* LaunchScreen.storyboard */; };
		B60753862119C2B100E27463 /* Main.storyboard in Resources */ = {isa = PBXBuildFile; fileRef = B60753842119C2B100E27463 /* Main.storyboard */; };
		B61ADEBC2114ACF400A5C2D9 /* UserViewModel.swift in Sources */ = {isa = PBXBuildFile; fileRef = B61ADEBB2114ACF400A5C2D9 /* UserViewModel.swift */; };
		B660B74421107DD600A9466C /* DetalheContatoViewController.swift in Sources */ = {isa = PBXBuildFile; fileRef = B660B74321107DD600A9466C /* DetalheContatoViewController.swift */; };
/* End PBXBuildFile section */

/* Begin PBXFileReference section */
		83034B4520FF66CC004D305F /* Localizable.strings */ = {isa = PBXFileReference; lastKnownFileType = text.plist.strings; path = Localizable.strings; sourceTree = "<group>"; };
		83034B4720FF673C004D305F /* Colors.json */ = {isa = PBXFileReference; lastKnownFileType = text.json; path = Colors.json; sourceTree = "<group>"; };
		83034B4A20FF6BAC004D305F /* Colors.swift */ = {isa = PBXFileReference; fileEncoding = 4; lastKnownFileType = sourcecode.swift; path = Colors.swift; sourceTree = "<group>"; };
		83034B4B20FF6BAC004D305F /* Storyboard.swift */ = {isa = PBXFileReference; fileEncoding = 4; lastKnownFileType = sourcecode.swift; path = Storyboard.swift; sourceTree = "<group>"; };
		83034B4C20FF6BAC004D305F /* Assets.swift */ = {isa = PBXFileReference; fileEncoding = 4; lastKnownFileType = sourcecode.swift; path = Assets.swift; sourceTree = "<group>"; };
		83034B4D20FF6BAC004D305F /* Localizable.swift */ = {isa = PBXFileReference; fileEncoding = 4; lastKnownFileType = sourcecode.swift; path = Localizable.swift; sourceTree = "<group>"; };
		83034B5220FF742F004D305F /* LoginRequestFactory.swift */ = {isa = PBXFileReference; lastKnownFileType = sourcecode.swift; path = LoginRequestFactory.swift; sourceTree = "<group>"; };
		83034B5420FF7457004D305F /* LoginService.swift */ = {isa = PBXFileReference; lastKnownFileType = sourcecode.swift; path = LoginService.swift; sourceTree = "<group>"; };
		83277AA52100C2E50025F79F /* SessionControl.swift */ = {isa = PBXFileReference; lastKnownFileType = sourcecode.swift; path = SessionControl.swift; sourceTree = "<group>"; };
		83277AA82100C48E0025F79F /* Contatos.storyboard */ = {isa = PBXFileReference; lastKnownFileType = file.storyboard; path = Contatos.storyboard; sourceTree = "<group>"; };
		83277AAE2100C4EF0025F79F /* ContatosViewController.swift */ = {isa = PBXFileReference; lastKnownFileType = sourcecode.swift; path = ContatosViewController.swift; sourceTree = "<group>"; };
		83277AB02100C5EF0025F79F /* Contato.swift */ = {isa = PBXFileReference; lastKnownFileType = sourcecode.swift; path = Contato.swift; sourceTree = "<group>"; };
		83277AB22100CA6C0025F79F /* ContatoRequestFactory.swift */ = {isa = PBXFileReference; lastKnownFileType = sourcecode.swift; path = ContatoRequestFactory.swift; sourceTree = "<group>"; };
		83277AB52100CA850025F79F /* ContatoService.swift */ = {isa = PBXFileReference; lastKnownFileType = sourcecode.swift; path = ContatoService.swift; sourceTree = "<group>"; };
		83277AB72100D6920025F79F /* ContatosViewModel.swift */ = {isa = PBXFileReference; lastKnownFileType = sourcecode.swift; path = ContatosViewModel.swift; sourceTree = "<group>"; };
		834A357C21021EE000F83CDE /* ContatoTableViewCell.swift */ = {isa = PBXFileReference; lastKnownFileType = sourcecode.swift; path = ContatoTableViewCell.swift; sourceTree = "<group>"; };
		834A357D21021EE000F83CDE /* ContatoTableViewCell.xib */ = {isa = PBXFileReference; lastKnownFileType = file.xib; path = ContatoTableViewCell.xib; sourceTree = "<group>"; };
		834A35802102352500F83CDE /* AdicionarContatoViewController.swift */ = {isa = PBXFileReference; lastKnownFileType = sourcecode.swift; path = AdicionarContatoViewController.swift; sourceTree = "<group>"; };
		83DB6A1D20FF782F00D76CE3 /* User.swift */ = {isa = PBXFileReference; lastKnownFileType = sourcecode.swift; path = User.swift; sourceTree = "<group>"; };
		83F2917920FE3A7400ACCCF9 /* AgendaTelefonica.app */ = {isa = PBXFileReference; explicitFileType = wrapper.application; includeInIndex = 0; path = AgendaTelefonica.app; sourceTree = BUILT_PRODUCTS_DIR; };
		83F2917C20FE3A7400ACCCF9 /* AppDelegate.swift */ = {isa = PBXFileReference; lastKnownFileType = sourcecode.swift; path = AppDelegate.swift; sourceTree = "<group>"; };
		83F2917E20FE3A7400ACCCF9 /* ViewController.swift */ = {isa = PBXFileReference; lastKnownFileType = sourcecode.swift; path = ViewController.swift; sourceTree = "<group>"; };
		83F2918320FE3A7B00ACCCF9 /* Assets.xcassets */ = {isa = PBXFileReference; lastKnownFileType = folder.assetcatalog; path = Assets.xcassets; sourceTree = "<group>"; };
		83F2918620FE3A7B00ACCCF9 /* Base */ = {isa = PBXFileReference; lastKnownFileType = file.storyboard; name = Base; path = Base.lproj/LaunchScreen.storyboard; sourceTree = "<group>"; };
		83F2918820FE3A7B00ACCCF9 /* Info.plist */ = {isa = PBXFileReference; lastKnownFileType = text.plist.xml; path = Info.plist; sourceTree = "<group>"; };
		8471273067B67CBED1781775 /* Pods_AgendaTelefonica.framework */ = {isa = PBXFileReference; explicitFileType = wrapper.framework; includeInIndex = 0; path = Pods_AgendaTelefonica.framework; sourceTree = BUILT_PRODUCTS_DIR; };
		B60753852119C2B100E27463 /* Base */ = {isa = PBXFileReference; lastKnownFileType = file.storyboard; name = Base; path = ../../../teste/AgendaTelefonica/Login/Base.lproj/Main.storyboard; sourceTree = "<group>"; };
		B61ADEBB2114ACF400A5C2D9 /* UserViewModel.swift */ = {isa = PBXFileReference; fileEncoding = 4; lastKnownFileType = sourcecode.swift; path = UserViewModel.swift; sourceTree = "<group>"; };
		B660B74321107DD600A9466C /* DetalheContatoViewController.swift */ = {isa = PBXFileReference; lastKnownFileType = sourcecode.swift; path = DetalheContatoViewController.swift; sourceTree = "<group>"; };
		CC4B4AA3BA9991A2FA834039 /* Pods-AgendaTelefonica.debug.xcconfig */ = {isa = PBXFileReference; includeInIndex = 1; lastKnownFileType = text.xcconfig; name = "Pods-AgendaTelefonica.debug.xcconfig"; path = "Pods/Target Support Files/Pods-AgendaTelefonica/Pods-AgendaTelefonica.debug.xcconfig"; sourceTree = "<group>"; };
		F82119A18AEAE5246D6A77B0 /* Pods-AgendaTelefonica.release.xcconfig */ = {isa = PBXFileReference; includeInIndex = 1; lastKnownFileType = text.xcconfig; name = "Pods-AgendaTelefonica.release.xcconfig"; path = "Pods/Target Support Files/Pods-AgendaTelefonica/Pods-AgendaTelefonica.release.xcconfig"; sourceTree = "<group>"; };
/* End PBXFileReference section */

/* Begin PBXFrameworksBuildPhase section */
		83F2917620FE3A7400ACCCF9 /* Frameworks */ = {
			isa = PBXFrameworksBuildPhase;
			buildActionMask = 2147483647;
			files = (
				2E89EC1C3ACAC7EF499DEE82 /* Pods_AgendaTelefonica.framework in Frameworks */,
			);
			runOnlyForDeploymentPostprocessing = 0;
		};
/* End PBXFrameworksBuildPhase section */

/* Begin PBXGroup section */
		4C1525648AAA49857E6B270A /* Pods */ = {
			isa = PBXGroup;
			children = (
				CC4B4AA3BA9991A2FA834039 /* Pods-AgendaTelefonica.debug.xcconfig */,
				F82119A18AEAE5246D6A77B0 /* Pods-AgendaTelefonica.release.xcconfig */,
			);
			name = Pods;
			sourceTree = "<group>";
		};
		83034B3C20FF5CA3004D305F /* Application */ = {
			isa = PBXGroup;
			children = (
				83F2917C20FE3A7400ACCCF9 /* AppDelegate.swift */,
				83277AA52100C2E50025F79F /* SessionControl.swift */,
				83034B3D20FF5CFE004D305F /* Supporting Files */,
			);
			path = Application;
			sourceTree = "<group>";
		};
		83034B3D20FF5CFE004D305F /* Supporting Files */ = {
			isa = PBXGroup;
			children = (
				83034B4420FF6563004D305F /* Generated */,
				83034B4320FF655A004D305F /* Generators */,
				83F2918320FE3A7B00ACCCF9 /* Assets.xcassets */,
				83F2918520FE3A7B00ACCCF9 /* LaunchScreen.storyboard */,
				83F2918820FE3A7B00ACCCF9 /* Info.plist */,
			);
			path = "Supporting Files";
			sourceTree = "<group>";
		};
		83034B3E20FF5D28004D305F /* Login */ = {
			isa = PBXGroup;
			children = (
				B60753842119C2B100E27463 /* Main.storyboard */,
				83034B3F20FF64C5004D305F /* Model */,
				B61ADEBA2114ACF400A5C2D9 /* ViewModel */,
				83034B4120FF64EB004D305F /* Service */,
				83034B4220FF64F9004D305F /* Controllers */,
			);
			path = Login;
			sourceTree = "<group>";
		};
		83034B3F20FF64C5004D305F /* Model */ = {
			isa = PBXGroup;
			children = (
				83DB6A1D20FF782F00D76CE3 /* User.swift */,
			);
			path = Model;
			sourceTree = "<group>";
		};
		83034B4120FF64EB004D305F /* Service */ = {
			isa = PBXGroup;
			children = (
				83034B5220FF742F004D305F /* LoginRequestFactory.swift */,
				83034B5420FF7457004D305F /* LoginService.swift */,
			);
			path = Service;
			sourceTree = "<group>";
		};
		83034B4220FF64F9004D305F /* Controllers */ = {
			isa = PBXGroup;
			children = (
				83F2917E20FE3A7400ACCCF9 /* ViewController.swift */,
			);
			path = Controllers;
			sourceTree = "<group>";
		};
		83034B4320FF655A004D305F /* Generators */ = {
			isa = PBXGroup;
			children = (
				83034B4520FF66CC004D305F /* Localizable.strings */,
				83034B4720FF673C004D305F /* Colors.json */,
			);
			path = Generators;
			sourceTree = "<group>";
		};
		83034B4420FF6563004D305F /* Generated */ = {
			isa = PBXGroup;
			children = (
				83034B4C20FF6BAC004D305F /* Assets.swift */,
				83034B4A20FF6BAC004D305F /* Colors.swift */,
				83034B4D20FF6BAC004D305F /* Localizable.swift */,
				83034B4B20FF6BAC004D305F /* Storyboard.swift */,
			);
			path = Generated;
			sourceTree = "<group>";
		};
		83277AA72100C44C0025F79F /* Listar Contatos */ = {
			isa = PBXGroup;
			children = (
				83277AA82100C48E0025F79F /* Contatos.storyboard */,
				83277AAA2100C4920025F79F /* Model */,
				83277AAB2100C49F0025F79F /* ViewModel */,
				83277AAC2100C4A70025F79F /* Service */,
				83277AAD2100C4AD0025F79F /* Controller */,
			);
			path = "Listar Contatos";
			sourceTree = "<group>";
		};
		83277AAA2100C4920025F79F /* Model */ = {
			isa = PBXGroup;
			children = (
				83277AB02100C5EF0025F79F /* Contato.swift */,
			);
			path = Model;
			sourceTree = "<group>";
		};
		83277AAB2100C49F0025F79F /* ViewModel */ = {
			isa = PBXGroup;
			children = (
				83277AB72100D6920025F79F /* ContatosViewModel.swift */,
			);
			path = ViewModel;
			sourceTree = "<group>";
		};
		83277AAC2100C4A70025F79F /* Service */ = {
			isa = PBXGroup;
			children = (
				83277AB22100CA6C0025F79F /* ContatoRequestFactory.swift */,
				83277AB52100CA850025F79F /* ContatoService.swift */,
			);
			path = Service;
			sourceTree = "<group>";
		};
		83277AAD2100C4AD0025F79F /* Controller */ = {
			isa = PBXGroup;
			children = (
				834A357B210212F400F83CDE /* Cells */,
				83277AAE2100C4EF0025F79F /* ContatosViewController.swift */,
				834A35802102352500F83CDE /* AdicionarContatoViewController.swift */,
				B660B74321107DD600A9466C /* DetalheContatoViewController.swift */,
			);
			path = Controller;
			sourceTree = "<group>";
		};
		834A357B210212F400F83CDE /* Cells */ = {
			isa = PBXGroup;
			children = (
				834A357C21021EE000F83CDE /* ContatoTableViewCell.swift */,
				834A357D21021EE000F83CDE /* ContatoTableViewCell.xib */,
			);
			path = Cells;
			sourceTree = "<group>";
		};
		83F2917020FE3A7400ACCCF9 = {
			isa = PBXGroup;
			children = (
				83F2917B20FE3A7400ACCCF9 /* AgendaTelefonica */,
				83F2917A20FE3A7400ACCCF9 /* Products */,
				4C1525648AAA49857E6B270A /* Pods */,
				938F6895DE6346719B9E85FE /* Frameworks */,
			);
			sourceTree = "<group>";
		};
		83F2917A20FE3A7400ACCCF9 /* Products */ = {
			isa = PBXGroup;
			children = (
				83F2917920FE3A7400ACCCF9 /* AgendaTelefonica.app */,
			);
			name = Products;
			sourceTree = "<group>";
		};
		83F2917B20FE3A7400ACCCF9 /* AgendaTelefonica */ = {
			isa = PBXGroup;
			children = (
				83034B3C20FF5CA3004D305F /* Application */,
				83034B3E20FF5D28004D305F /* Login */,
				83277AA72100C44C0025F79F /* Listar Contatos */,
			);
			path = AgendaTelefonica;
			sourceTree = "<group>";
		};
		938F6895DE6346719B9E85FE /* Frameworks */ = {
			isa = PBXGroup;
			children = (
				8471273067B67CBED1781775 /* Pods_AgendaTelefonica.framework */,
			);
			name = Frameworks;
			sourceTree = "<group>";
		};
		B61ADEBA2114ACF400A5C2D9 /* ViewModel */ = {
			isa = PBXGroup;
			children = (
				B61ADEBB2114ACF400A5C2D9 /* UserViewModel.swift */,
			);
			path = ViewModel;
			sourceTree = "<group>";
		};
/* End PBXGroup section */

/* Begin PBXNativeTarget section */
		83F2917820FE3A7400ACCCF9 /* AgendaTelefonica */ = {
			isa = PBXNativeTarget;
			buildConfigurationList = 83F2918B20FE3A7B00ACCCF9 /* Build configuration list for PBXNativeTarget "AgendaTelefonica" */;
			buildPhases = (
				FE91E6EA780C7480C05B5B31 /* [CP] Check Pods Manifest.lock */,
				83034B4920FF69BB004D305F /* SwiftGen */,
				83F2917520FE3A7400ACCCF9 /* Sources */,
				83F2917620FE3A7400ACCCF9 /* Frameworks */,
				83F2917720FE3A7400ACCCF9 /* Resources */,
				5017436439BB057D234ECC51 /* [CP] Embed Pods Frameworks */,
			);
			buildRules = (
			);
			dependencies = (
			);
			name = AgendaTelefonica;
			productName = AgendaTelefonica;
			productReference = 83F2917920FE3A7400ACCCF9 /* AgendaTelefonica.app */;
			productType = "com.apple.product-type.application";
		};
/* End PBXNativeTarget section */

/* Begin PBXProject section */
		83F2917120FE3A7400ACCCF9 /* Project object */ = {
			isa = PBXProject;
			attributes = {
				LastSwiftUpdateCheck = 0940;
				LastUpgradeCheck = 0940;
				ORGANIZATIONNAME = administrador;
				TargetAttributes = {
					83F2917820FE3A7400ACCCF9 = {
						CreatedOnToolsVersion = 9.4.1;
					};
				};
			};
			buildConfigurationList = 83F2917420FE3A7400ACCCF9 /* Build configuration list for PBXProject "AgendaTelefonica" */;
			compatibilityVersion = "Xcode 9.3";
			developmentRegion = en;
			hasScannedForEncodings = 0;
			knownRegions = (
				en,
				Base,
			);
			mainGroup = 83F2917020FE3A7400ACCCF9;
			productRefGroup = 83F2917A20FE3A7400ACCCF9 /* Products */;
			projectDirPath = "";
			projectRoot = "";
			targets = (
				83F2917820FE3A7400ACCCF9 /* AgendaTelefonica */,
			);
		};
/* End PBXProject section */

/* Begin PBXResourcesBuildPhase section */
		83F2917720FE3A7400ACCCF9 /* Resources */ = {
			isa = PBXResourcesBuildPhase;
			buildActionMask = 2147483647;
			files = (
				B60753862119C2B100E27463 /* Main.storyboard in Resources */,
				834A357F21021EE000F83CDE /* ContatoTableViewCell.xib in Resources */,
				83F2918720FE3A7B00ACCCF9 /* LaunchScreen.storyboard in Resources */,
				83277AA92100C48E0025F79F /* Contatos.storyboard in Resources */,
				83034B4820FF673C004D305F /* Colors.json in Resources */,
				83034B4620FF66CC004D305F /* Localizable.strings in Resources */,
				83F2918420FE3A7B00ACCCF9 /* Assets.xcassets in Resources */,
			);
			runOnlyForDeploymentPostprocessing = 0;
		};
/* End PBXResourcesBuildPhase section */

/* Begin PBXShellScriptBuildPhase section */
		5017436439BB057D234ECC51 /* [CP] Embed Pods Frameworks */ = {
			isa = PBXShellScriptBuildPhase;
			buildActionMask = 2147483647;
			files = (
			);
			inputPaths = (
				"${SRCROOT}/Pods/Target Support Files/Pods-AgendaTelefonica/Pods-AgendaTelefonica-frameworks.sh",
				"${BUILT_PRODUCTS_DIR}/Alamofire/Alamofire.framework",
				"${BUILT_PRODUCTS_DIR}/AlamofireObjectMapper/AlamofireObjectMapper.framework",
				"${BUILT_PRODUCTS_DIR}/Kingfisher/Kingfisher.framework",
				"${BUILT_PRODUCTS_DIR}/ObjectMapper/ObjectMapper.framework",
				"${BUILT_PRODUCTS_DIR}/Realm/Realm.framework",
				"${BUILT_PRODUCTS_DIR}/RealmSwift/RealmSwift.framework",
				"${BUILT_PRODUCTS_DIR}/Reusable/Reusable.framework",
			);
			name = "[CP] Embed Pods Frameworks";
			outputPaths = (
				"${TARGET_BUILD_DIR}/${FRAMEWORKS_FOLDER_PATH}/Alamofire.framework",
				"${TARGET_BUILD_DIR}/${FRAMEWORKS_FOLDER_PATH}/AlamofireObjectMapper.framework",
				"${TARGET_BUILD_DIR}/${FRAMEWORKS_FOLDER_PATH}/Kingfisher.framework",
				"${TARGET_BUILD_DIR}/${FRAMEWORKS_FOLDER_PATH}/ObjectMapper.framework",
				"${TARGET_BUILD_DIR}/${FRAMEWORKS_FOLDER_PATH}/Realm.framework",
				"${TARGET_BUILD_DIR}/${FRAMEWORKS_FOLDER_PATH}/RealmSwift.framework",
				"${TARGET_BUILD_DIR}/${FRAMEWORKS_FOLDER_PATH}/Reusable.framework",
			);
			runOnlyForDeploymentPostprocessing = 0;
			shellPath = /bin/sh;
			shellScript = "\"${SRCROOT}/Pods/Target Support Files/Pods-AgendaTelefonica/Pods-AgendaTelefonica-frameworks.sh\"\n";
			showEnvVarsInLog = 0;
		};
		83034B4920FF69BB004D305F /* SwiftGen */ = {
			isa = PBXShellScriptBuildPhase;
			buildActionMask = 2147483647;
			files = (
			);
			inputPaths = (
			);
			name = SwiftGen;
			outputPaths = (
			);
			runOnlyForDeploymentPostprocessing = 0;
			shellPath = /bin/sh;
			shellScript = "\"$PODS_ROOT\"/SwiftGen/bin/swiftgen strings -t structured-swift3 \"$PROJECT_DIR/$PROJECT_NAME/Application/Supporting Files/Generators/Localizable.strings\" --output \"$PROJECT_DIR/$PROJECT_NAME/Application/Supporting Files/Generated/Localizable.swift\"\n\n\"$PODS_ROOT\"/SwiftGen/bin/swiftgen xcassets -t swift3 \"$PROJECT_DIR/$PROJECT_NAME/Application/Supporting Files/Assets.xcassets\" --output \"$PROJECT_DIR/$PROJECT_NAME/Application/Supporting Files/Generated/Assets.swift\"\n\n\"$PODS_ROOT\"/SwiftGen/bin/swiftgen colors -t swift3 \"$PROJECT_DIR/$PROJECT_NAME/Application/Supporting Files/Generators/Colors.json\" --output \"$PROJECT_DIR/$PROJECT_NAME/Application/Supporting Files/Generated/Colors.swift\"\n\n\"$PODS_ROOT\"/SwiftGen/bin/swiftgen storyboards -t swift3 \"$PROJECT_DIR/$PROJECT_NAME\" --output \"$PROJECT_DIR/$PROJECT_NAME/Application/Supporting Files/Generated/Storyboard.swift\"";
		};
		FE91E6EA780C7480C05B5B31 /* [CP] Check Pods Manifest.lock */ = {
			isa = PBXShellScriptBuildPhase;
			buildActionMask = 2147483647;
			files = (
			);
			inputPaths = (
				"${PODS_PODFILE_DIR_PATH}/Podfile.lock",
				"${PODS_ROOT}/Manifest.lock",
			);
			name = "[CP] Check Pods Manifest.lock";
			outputPaths = (
				"$(DERIVED_FILE_DIR)/Pods-AgendaTelefonica-checkManifestLockResult.txt",
			);
			runOnlyForDeploymentPostprocessing = 0;
			shellPath = /bin/sh;
			shellScript = "diff \"${PODS_PODFILE_DIR_PATH}/Podfile.lock\" \"${PODS_ROOT}/Manifest.lock\" > /dev/null\nif [ $? != 0 ] ; then\n    # print error to STDERR\n    echo \"error: The sandbox is not in sync with the Podfile.lock. Run 'pod install' or update your CocoaPods installation.\" >&2\n    exit 1\nfi\n# This output is used by Xcode 'outputs' to avoid re-running this script phase.\necho \"SUCCESS\" > \"${SCRIPT_OUTPUT_FILE_0}\"\n";
			showEnvVarsInLog = 0;
		};
/* End PBXShellScriptBuildPhase section */

/* Begin PBXSourcesBuildPhase section */
		83F2917520FE3A7400ACCCF9 /* Sources */ = {
			isa = PBXSourcesBuildPhase;
			buildActionMask = 2147483647;
			files = (
				83034B4F20FF6BAC004D305F /* Storyboard.swift in Sources */,
				83277AB32100CA6C0025F79F /* ContatoRequestFactory.swift in Sources */,
				83F2917F20FE3A7400ACCCF9 /* ViewController.swift in Sources */,
				83034B5320FF742F004D305F /* LoginRequestFactory.swift in Sources */,
				B660B74421107DD600A9466C /* DetalheContatoViewController.swift in Sources */,
				83034B4E20FF6BAC004D305F /* Colors.swift in Sources */,
				834A35812102352500F83CDE /* AdicionarContatoViewController.swift in Sources */,
				83277AAF2100C4EF0025F79F /* ContatosViewController.swift in Sources */,
				83034B5020FF6BAC004D305F /* Assets.swift in Sources */,
				83277AA62100C2E50025F79F /* SessionControl.swift in Sources */,
				83277AB82100D6920025F79F /* ContatosViewModel.swift in Sources */,
				83DB6A1E20FF782F00D76CE3 /* User.swift in Sources */,
				83034B5120FF6BAC004D305F /* Localizable.swift in Sources */,
				B61ADEBC2114ACF400A5C2D9 /* UserViewModel.swift in Sources */,
				83277AB12100C5EF0025F79F /* Contato.swift in Sources */,
				834A357E21021EE000F83CDE /* ContatoTableViewCell.swift in Sources */,
				83277AB62100CA850025F79F /* ContatoService.swift in Sources */,
				83F2917D20FE3A7400ACCCF9 /* AppDelegate.swift in Sources */,
				83034B5520FF7457004D305F /* LoginService.swift in Sources */,
			);
			runOnlyForDeploymentPostprocessing = 0;
		};
/* End PBXSourcesBuildPhase section */

/* Begin PBXVariantGroup section */
		83F2918520FE3A7B00ACCCF9 /* LaunchScreen.storyboard */ = {
			isa = PBXVariantGroup;
			children = (
				83F2918620FE3A7B00ACCCF9 /* Base */,
			);
			name = LaunchScreen.storyboard;
			sourceTree = "<group>";
		};
		B60753842119C2B100E27463 /* Main.storyboard */ = {
			isa = PBXVariantGroup;
			children = (
				B60753852119C2B100E27463 /* Base */,
			);
			name = Main.storyboard;
			sourceTree = "<group>";
		};
/* End PBXVariantGroup section */

/* Begin XCBuildConfiguration section */
		83F2918920FE3A7B00ACCCF9 /* Debug */ = {
			isa = XCBuildConfiguration;
			buildSettings = {
				ALWAYS_SEARCH_USER_PATHS = NO;
				CLANG_ANALYZER_NONNULL = YES;
				CLANG_ANALYZER_NUMBER_OBJECT_CONVERSION = YES_AGGRESSIVE;
				CLANG_CXX_LANGUAGE_STANDARD = "gnu++14";
				CLANG_CXX_LIBRARY = "libc++";
				CLANG_ENABLE_MODULES = YES;
				CLANG_ENABLE_OBJC_ARC = YES;
				CLANG_ENABLE_OBJC_WEAK = YES;
				CLANG_WARN_BLOCK_CAPTURE_AUTORELEASING = YES;
				CLANG_WARN_BOOL_CONVERSION = YES;
				CLANG_WARN_COMMA = YES;
				CLANG_WARN_CONSTANT_CONVERSION = YES;
				CLANG_WARN_DEPRECATED_OBJC_IMPLEMENTATIONS = YES;
				CLANG_WARN_DIRECT_OBJC_ISA_USAGE = YES_ERROR;
				CLANG_WARN_DOCUMENTATION_COMMENTS = YES;
				CLANG_WARN_EMPTY_BODY = YES;
				CLANG_WARN_ENUM_CONVERSION = YES;
				CLANG_WARN_INFINITE_RECURSION = YES;
				CLANG_WARN_INT_CONVERSION = YES;
				CLANG_WARN_NON_LITERAL_NULL_CONVERSION = YES;
				CLANG_WARN_OBJC_IMPLICIT_RETAIN_SELF = YES;
				CLANG_WARN_OBJC_LITERAL_CONVERSION = YES;
				CLANG_WARN_OBJC_ROOT_CLASS = YES_ERROR;
				CLANG_WARN_RANGE_LOOP_ANALYSIS = YES;
				CLANG_WARN_STRICT_PROTOTYPES = YES;
				CLANG_WARN_SUSPICIOUS_MOVE = YES;
				CLANG_WARN_UNGUARDED_AVAILABILITY = YES_AGGRESSIVE;
				CLANG_WARN_UNREACHABLE_CODE = YES;
				CLANG_WARN__DUPLICATE_METHOD_MATCH = YES;
				CODE_SIGN_IDENTITY = "iPhone Developer";
				COPY_PHASE_STRIP = NO;
				DEBUG_INFORMATION_FORMAT = dwarf;
				ENABLE_STRICT_OBJC_MSGSEND = YES;
				ENABLE_TESTABILITY = YES;
				GCC_C_LANGUAGE_STANDARD = gnu11;
				GCC_DYNAMIC_NO_PIC = NO;
				GCC_NO_COMMON_BLOCKS = YES;
				GCC_OPTIMIZATION_LEVEL = 0;
				GCC_PREPROCESSOR_DEFINITIONS = (
					"DEBUG=1",
					"$(inherited)",
				);
				GCC_WARN_64_TO_32_BIT_CONVERSION = YES;
				GCC_WARN_ABOUT_RETURN_TYPE = YES_ERROR;
				GCC_WARN_UNDECLARED_SELECTOR = YES;
				GCC_WARN_UNINITIALIZED_AUTOS = YES_AGGRESSIVE;
				GCC_WARN_UNUSED_FUNCTION = YES;
				GCC_WARN_UNUSED_VARIABLE = YES;
				IPHONEOS_DEPLOYMENT_TARGET = 11.4;
				MTL_ENABLE_DEBUG_INFO = YES;
				ONLY_ACTIVE_ARCH = YES;
				SDKROOT = iphoneos;
				SWIFT_ACTIVE_COMPILATION_CONDITIONS = DEBUG;
				SWIFT_OPTIMIZATION_LEVEL = "-Onone";
			};
			name = Debug;
		};
		83F2918A20FE3A7B00ACCCF9 /* Release */ = {
			isa = XCBuildConfiguration;
			buildSettings = {
				ALWAYS_SEARCH_USER_PATHS = NO;
				CLANG_ANALYZER_NONNULL = YES;
				CLANG_ANALYZER_NUMBER_OBJECT_CONVERSION = YES_AGGRESSIVE;
				CLANG_CXX_LANGUAGE_STANDARD = "gnu++14";
				CLANG_CXX_LIBRARY = "libc++";
				CLANG_ENABLE_MODULES = YES;
				CLANG_ENABLE_OBJC_ARC = YES;
				CLANG_ENABLE_OBJC_WEAK = YES;
				CLANG_WARN_BLOCK_CAPTURE_AUTORELEASING = YES;
				CLANG_WARN_BOOL_CONVERSION = YES;
				CLANG_WARN_COMMA = YES;
				CLANG_WARN_CONSTANT_CONVERSION = YES;
				CLANG_WARN_DEPRECATED_OBJC_IMPLEMENTATIONS = YES;
				CLANG_WARN_DIRECT_OBJC_ISA_USAGE = YES_ERROR;
				CLANG_WARN_DOCUMENTATION_COMMENTS = YES;
				CLANG_WARN_EMPTY_BODY = YES;
				CLANG_WARN_ENUM_CONVERSION = YES;
				CLANG_WARN_INFINITE_RECURSION = YES;
				CLANG_WARN_INT_CONVERSION = YES;
				CLANG_WARN_NON_LITERAL_NULL_CONVERSION = YES;
				CLANG_WARN_OBJC_IMPLICIT_RETAIN_SELF = YES;
				CLANG_WARN_OBJC_LITERAL_CONVERSION = YES;
				CLANG_WARN_OBJC_ROOT_CLASS = YES_ERROR;
				CLANG_WARN_RANGE_LOOP_ANALYSIS = YES;
				CLANG_WARN_STRICT_PROTOTYPES = YES;
				CLANG_WARN_SUSPICIOUS_MOVE = YES;
				CLANG_WARN_UNGUARDED_AVAILABILITY = YES_AGGRESSIVE;
				CLANG_WARN_UNREACHABLE_CODE = YES;
				CLANG_WARN__DUPLICATE_METHOD_MATCH = YES;
				CODE_SIGN_IDENTITY = "iPhone Developer";
				COPY_PHASE_STRIP = NO;
				DEBUG_INFORMATION_FORMAT = "dwarf-with-dsym";
				ENABLE_NS_ASSERTIONS = NO;
				ENABLE_STRICT_OBJC_MSGSEND = YES;
				GCC_C_LANGUAGE_STANDARD = gnu11;
				GCC_NO_COMMON_BLOCKS = YES;
				GCC_WARN_64_TO_32_BIT_CONVERSION = YES;
				GCC_WARN_ABOUT_RETURN_TYPE = YES_ERROR;
				GCC_WARN_UNDECLARED_SELECTOR = YES;
				GCC_WARN_UNINITIALIZED_AUTOS = YES_AGGRESSIVE;
				GCC_WARN_UNUSED_FUNCTION = YES;
				GCC_WARN_UNUSED_VARIABLE = YES;
				IPHONEOS_DEPLOYMENT_TARGET = 11.4;
				MTL_ENABLE_DEBUG_INFO = NO;
				SDKROOT = iphoneos;
				SWIFT_COMPILATION_MODE = wholemodule;
				SWIFT_OPTIMIZATION_LEVEL = "-O";
				VALIDATE_PRODUCT = YES;
			};
			name = Release;
		};
		83F2918C20FE3A7B00ACCCF9 /* Debug */ = {
			isa = XCBuildConfiguration;
			baseConfigurationReference = CC4B4AA3BA9991A2FA834039 /* Pods-AgendaTelefonica.debug.xcconfig */;
			buildSettings = {
				ASSETCATALOG_COMPILER_APPICON_NAME = AppIcon;
				CODE_SIGN_STYLE = Automatic;
				INFOPLIST_FILE = "$(SRCROOT)/AgendaTelefonica/Application/Supporting Files/Info.plist";
				LD_RUNPATH_SEARCH_PATHS = (
					"$(inherited)",
					"@executable_path/Frameworks",
				);
				PRODUCT_BUNDLE_IDENTIFIER = nati.treinamento.AgendaTelefonica;
				PRODUCT_NAME = "$(TARGET_NAME)";
				SWIFT_VERSION = 4.0;
				TARGETED_DEVICE_FAMILY = "1,2";
			};
			name = Debug;
		};
		83F2918D20FE3A7B00ACCCF9 /* Release */ = {
			isa = XCBuildConfiguration;
			baseConfigurationReference = F82119A18AEAE5246D6A77B0 /* Pods-AgendaTelefonica.release.xcconfig */;
			buildSettings = {
				ASSETCATALOG_COMPILER_APPICON_NAME = AppIcon;
				CODE_SIGN_STYLE = Automatic;
				INFOPLIST_FILE = "$(SRCROOT)/AgendaTelefonica/Application/Supporting Files/Info.plist";
				LD_RUNPATH_SEARCH_PATHS = (
					"$(inherited)",
					"@executable_path/Frameworks",
				);
				PRODUCT_BUNDLE_IDENTIFIER = nati.treinamento.AgendaTelefonica;
				PRODUCT_NAME = "$(TARGET_NAME)";
				SWIFT_VERSION = 4.0;
				TARGETED_DEVICE_FAMILY = "1,2";
			};
			name = Release;
		};
/* End XCBuildConfiguration section */

/* Begin XCConfigurationList section */
		83F2917420FE3A7400ACCCF9 /* Build configuration list for PBXProject "AgendaTelefonica" */ = {
			isa = XCConfigurationList;
			buildConfigurations = (
				83F2918920FE3A7B00ACCCF9 /* Debug */,
				83F2918A20FE3A7B00ACCCF9 /* Release */,
			);
			defaultConfigurationIsVisible = 0;
			defaultConfigurationName = Release;
		};
		83F2918B20FE3A7B00ACCCF9 /* Build configuration list for PBXNativeTarget "AgendaTelefonica" */ = {
			isa = XCConfigurationList;
			buildConfigurations = (
				83F2918C20FE3A7B00ACCCF9 /* Debug */,
				83F2918D20FE3A7B00ACCCF9 /* Release */,
			);
			defaultConfigurationIsVisible = 0;
			defaultConfigurationName = Release;
		};
/* End XCConfigurationList section */
	};
	rootObject = 83F2917120FE3A7400ACCCF9 /* Project object */;
}
